Microsoft Visual Studio Solution File, Format Version 12.00
# Visual Studio 2013
Project("{8BC9CEB8-8B4A-11D0-8D11-00A0C91BC942}") = "ALL_BUILD", "ALL_BUILD.vcxproj", "{C2A62DC5-5DB1-392C-A440-ED15C072ED4B}"
	ProjectSection(ProjectDependencies) = postProject
		{24EF4DF7-1EF8-3A77-B4FD-423AEF6CA270} = {24EF4DF7-1EF8-3A77-B4FD-423AEF6CA270}
		{F4731A63-F9D2-3A84-AB6B-FEEA7E22B3F6} = {F4731A63-F9D2-3A84-AB6B-FEEA7E22B3F6}
		{692C4557-2C99-3C30-BF8D-57B6337121F9} = {692C4557-2C99-3C30-BF8D-57B6337121F9}
		{948474E6-64CE-3A18-B989-F125D657387F} = {948474E6-64CE-3A18-B989-F125D657387F}
		{BD8F1965-1532-3C44-BC90-1526C992BFE1} = {BD8F1965-1532-3C44-BC90-1526C992BFE1}
		{279DBA2B-D4BA-36CB-B430-513F4C0E2320} = {279DBA2B-D4BA-36CB-B430-513F4C0E2320}
		{7CA8FD66-DF32-3B70-9D13-15A96F5BDEFE} = {7CA8FD66-DF32-3B70-9D13-15A96F5BDEFE}
		{55ED56A0-EA30-3262-B673-73311787B91D} = {55ED56A0-EA30-3262-B673-73311787B91D}
		{7A30EC1B-D666-32B2-B57C-2FAA931E43FA} = {7A30EC1B-D666-32B2-B57C-2FAA931E43FA}
		{779BC1CF-F29F-3735-8D33-0B8C52AED941} = {779BC1CF-F29F-3735-8D33-0B8C52AED941}
		{1FA71AA8-65AC-32DC-B99D-17918C59515F} = {1FA71AA8-65AC-32DC-B99D-17918C59515F}
		{34790B9E-385C-350D-9B01-9896FED5B2E6} = {34790B9E-385C-350D-9B01-9896FED5B2E6}
		{CEAA912A-5486-3F6F-ABEB-958C212A02A7} = {CEAA912A-5486-3F6F-ABEB-958C212A02A7}
		{9F7B54E6-62E6-3794-A5E0-F100311FD15A} = {9F7B54E6-62E6-3794-A5E0-F100311FD15A}
	EndProjectSection
EndProject
Project("{8BC9CEB8-8B4A-11D0-8D11-00A0C91BC942}") = "INSTALL", "INSTALL.vcxproj", "{50308207-365A-3E0F-B80B-C9958181B386}"
	ProjectSection(ProjectDependencies) = postProject
		{C2A62DC5-5DB1-392C-A440-ED15C072ED4B} = {C2A62DC5-5DB1-392C-A440-ED15C072ED4B}
		{24EF4DF7-1EF8-3A77-B4FD-423AEF6CA270} = {24EF4DF7-1EF8-3A77-B4FD-423AEF6CA270}
	EndProjectSection
EndProject
Project("{8BC9CEB8-8B4A-11D0-8D11-00A0C91BC942}") = "RUN_TESTS", "RUN_TESTS.vcxproj", "{B2806E76-90F0-3BD9-983B-90AB268C2689}"
	ProjectSection(ProjectDependencies) = postProject
		{24EF4DF7-1EF8-3A77-B4FD-423AEF6CA270} = {24EF4DF7-1EF8-3A77-B4FD-423AEF6CA270}
	EndProjectSection
EndProject
Project("{8BC9CEB8-8B4A-11D0-8D11-00A0C91BC942}") = "ZERO_CHECK", "ZERO_CHECK.vcxproj", "{24EF4DF7-1EF8-3A77-B4FD-423AEF6CA270}"
	ProjectSection(ProjectDependencies) = postProject
	EndProjectSection
EndProject
Project("{8BC9CEB8-8B4A-11D0-8D11-00A0C91BC942}") = "cjpeg", "sharedlib\cjpeg.vcxproj", "{F4731A63-F9D2-3A84-AB6B-FEEA7E22B3F6}"
	ProjectSection(ProjectDependencies) = postProject
		{24EF4DF7-1EF8-3A77-B4FD-423AEF6CA270} = {24EF4DF7-1EF8-3A77-B4FD-423AEF6CA270}
		{7CA8FD66-DF32-3B70-9D13-15A96F5BDEFE} = {7CA8FD66-DF32-3B70-9D13-15A96F5BDEFE}
	EndProjectSection
EndProject
Project("{8BC9CEB8-8B4A-11D0-8D11-00A0C91BC942}") = "cjpeg-static", "cjpeg-static.vcxproj", "{692C4557-2C99-3C30-BF8D-57B6337121F9}"
	ProjectSection(ProjectDependencies) = postProject
		{24EF4DF7-1EF8-3A77-B4FD-423AEF6CA270} = {24EF4DF7-1EF8-3A77-B4FD-423AEF6CA270}
		{55ED56A0-EA30-3262-B673-73311787B91D} = {55ED56A0-EA30-3262-B673-73311787B91D}
	EndProjectSection
EndProject
Project("{8BC9CEB8-8B4A-11D0-8D11-00A0C91BC942}") = "dist", "dist.vcxproj", "{BF3538A7-FFE5-35E1-86E4-767CF5EDD95C}"
	ProjectSection(ProjectDependencies) = postProject
		{24EF4DF7-1EF8-3A77-B4FD-423AEF6CA270} = {24EF4DF7-1EF8-3A77-B4FD-423AEF6CA270}
	EndProjectSection
EndProject
Project("{8BC9CEB8-8B4A-11D0-8D11-00A0C91BC942}") = "djpeg", "sharedlib\djpeg.vcxproj", "{948474E6-64CE-3A18-B989-F125D657387F}"
	ProjectSection(ProjectDependencies) = postProject
		{24EF4DF7-1EF8-3A77-B4FD-423AEF6CA270} = {24EF4DF7-1EF8-3A77-B4FD-423AEF6CA270}
		{7CA8FD66-DF32-3B70-9D13-15A96F5BDEFE} = {7CA8FD66-DF32-3B70-9D13-15A96F5BDEFE}
	EndProjectSection
EndProject
Project("{8BC9CEB8-8B4A-11D0-8D11-00A0C91BC942}") = "djpeg-static", "djpeg-static.vcxproj", "{BD8F1965-1532-3C44-BC90-1526C992BFE1}"
	ProjectSection(ProjectDependencies) = postProject
		{24EF4DF7-1EF8-3A77-B4FD-423AEF6CA270} = {24EF4DF7-1EF8-3A77-B4FD-423AEF6CA270}
		{55ED56A0-EA30-3262-B673-73311787B91D} = {55ED56A0-EA30-3262-B673-73311787B91D}
	EndProjectSection
EndProject
Project("{8BC9CEB8-8B4A-11D0-8D11-00A0C91BC942}") = "installer", "installer.vcxproj", "{59B52330-0A0D-30B4-AB82-9B8A620255E5}"
	ProjectSection(ProjectDependencies) = postProject
		{24EF4DF7-1EF8-3A77-B4FD-423AEF6CA270} = {24EF4DF7-1EF8-3A77-B4FD-423AEF6CA270}
		{F4731A63-F9D2-3A84-AB6B-FEEA7E22B3F6} = {F4731A63-F9D2-3A84-AB6B-FEEA7E22B3F6}
		{948474E6-64CE-3A18-B989-F125D657387F} = {948474E6-64CE-3A18-B989-F125D657387F}
		{7CA8FD66-DF32-3B70-9D13-15A96F5BDEFE} = {7CA8FD66-DF32-3B70-9D13-15A96F5BDEFE}
		{55ED56A0-EA30-3262-B673-73311787B91D} = {55ED56A0-EA30-3262-B673-73311787B91D}
		{7A30EC1B-D666-32B2-B57C-2FAA931E43FA} = {7A30EC1B-D666-32B2-B57C-2FAA931E43FA}
		{34790B9E-385C-350D-9B01-9896FED5B2E6} = {34790B9E-385C-350D-9B01-9896FED5B2E6}
		{9F7B54E6-62E6-3794-A5E0-F100311FD15A} = {9F7B54E6-62E6-3794-A5E0-F100311FD15A}
	EndProjectSection
EndProject
Project("{8BC9CEB8-8B4A-11D0-8D11-00A0C91BC942}") = "jcstest", "sharedlib\jcstest.vcxproj", "{279DBA2B-D4BA-36CB-B430-513F4C0E2320}"
	ProjectSection(ProjectDependencies) = postProject
		{24EF4DF7-1EF8-3A77-B4FD-423AEF6CA270} = {24EF4DF7-1EF8-3A77-B4FD-423AEF6CA270}
		{7CA8FD66-DF32-3B70-9D13-15A96F5BDEFE} = {7CA8FD66-DF32-3B70-9D13-15A96F5BDEFE}
	EndProjectSection
EndProject
Project("{8BC9CEB8-8B4A-11D0-8D11-00A0C91BC942}") = "jpeg", "sharedlib\jpeg.vcxproj", "{7CA8FD66-DF32-3B70-9D13-15A96F5BDEFE}"
	ProjectSection(ProjectDependencies) = postProject
		{24EF4DF7-1EF8-3A77-B4FD-423AEF6CA270} = {24EF4DF7-1EF8-3A77-B4FD-423AEF6CA270}
		{CEAA912A-5486-3F6F-ABEB-958C212A02A7} = {CEAA912A-5486-3F6F-ABEB-958C212A02A7}
	EndProjectSection
EndProject
Project("{8BC9CEB8-8B4A-11D0-8D11-00A0C91BC942}") = "jpeg-static", "jpeg-static.vcxproj", "{55ED56A0-EA30-3262-B673-73311787B91D}"
	ProjectSection(ProjectDependencies) = postProject
		{24EF4DF7-1EF8-3A77-B4FD-423AEF6CA270} = {24EF4DF7-1EF8-3A77-B4FD-423AEF6CA270}
		{CEAA912A-5486-3F6F-ABEB-958C212A02A7} = {CEAA912A-5486-3F6F-ABEB-958C212A02A7}
	EndProjectSection
EndProject
Project("{8BC9CEB8-8B4A-11D0-8D11-00A0C91BC942}") = "jpegtran", "sharedlib\jpegtran.vcxproj", "{7A30EC1B-D666-32B2-B57C-2FAA931E43FA}"
	ProjectSection(ProjectDependencies) = postProject
		{24EF4DF7-1EF8-3A77-B4FD-423AEF6CA270} = {24EF4DF7-1EF8-3A77-B4FD-423AEF6CA270}
		{7CA8FD66-DF32-3B70-9D13-15A96F5BDEFE} = {7CA8FD66-DF32-3B70-9D13-15A96F5BDEFE}
	EndProjectSection
EndProject
Project("{8BC9CEB8-8B4A-11D0-8D11-00A0C91BC942}") = "jpegtran-static", "jpegtran-static.vcxproj", "{779BC1CF-F29F-3735-8D33-0B8C52AED941}"
	ProjectSection(ProjectDependencies) = postProject
		{24EF4DF7-1EF8-3A77-B4FD-423AEF6CA270} = {24EF4DF7-1EF8-3A77-B4FD-423AEF6CA270}
		{55ED56A0-EA30-3262-B673-73311787B91D} = {55ED56A0-EA30-3262-B673-73311787B91D}
	EndProjectSection
EndProject
Project("{8BC9CEB8-8B4A-11D0-8D11-00A0C91BC942}") = "jsimdcfg", "simd\jsimdcfg.vcxproj", "{0E0D0AC4-3767-3527-9368-45F1EA568DEC}"
	ProjectSection(ProjectDependencies) = postProject
		{24EF4DF7-1EF8-3A77-B4FD-423AEF6CA270} = {24EF4DF7-1EF8-3A77-B4FD-423AEF6CA270}
	EndProjectSection
EndProject
Project("{8BC9CEB8-8B4A-11D0-8D11-00A0C91BC942}") = "md5cmp", "md5\md5cmp.vcxproj", "{1FA71AA8-65AC-32DC-B99D-17918C59515F}"
	ProjectSection(ProjectDependencies) = postProject
		{24EF4DF7-1EF8-3A77-B4FD-423AEF6CA270} = {24EF4DF7-1EF8-3A77-B4FD-423AEF6CA270}
	EndProjectSection
EndProject
Project("{8BC9CEB8-8B4A-11D0-8D11-00A0C91BC942}") = "rdjpgcom", "rdjpgcom.vcxproj", "{34790B9E-385C-350D-9B01-9896FED5B2E6}"
	ProjectSection(ProjectDependencies) = postProject
		{24EF4DF7-1EF8-3A77-B4FD-423AEF6CA270} = {24EF4DF7-1EF8-3A77-B4FD-423AEF6CA270}
	EndProjectSection
EndProject
Project("{8BC9CEB8-8B4A-11D0-8D11-00A0C91BC942}") = "simd", "simd\simd.vcxproj", "{CEAA912A-5486-3F6F-ABEB-958C212A02A7}"
	ProjectSection(ProjectDependencies) = postProject
		{24EF4DF7-1EF8-3A77-B4FD-423AEF6CA270} = {24EF4DF7-1EF8-3A77-B4FD-423AEF6CA270}
		{D67B1DD5-EE4E-3712-B096-49417C5BA93F} = {D67B1DD5-EE4E-3712-B096-49417C5BA93F}
	EndProjectSection
EndProject
Project("{8BC9CEB8-8B4A-11D0-8D11-00A0C91BC942}") = "simd-objs", "simd\simd-objs.vcxproj", "{D67B1DD5-EE4E-3712-B096-49417C5BA93F}"
	ProjectSection(ProjectDependencies) = postProject
		{24EF4DF7-1EF8-3A77-B4FD-423AEF6CA270} = {24EF4DF7-1EF8-3A77-B4FD-423AEF6CA270}
	EndProjectSection
EndProject
Project("{8BC9CEB8-8B4A-11D0-8D11-00A0C91BC942}") = "tarball", "tarball.vcxproj", "{3E8B0CBA-375C-309C-8E97-52408E61BFB4}"
	ProjectSection(ProjectDependencies) = postProject
		{24EF4DF7-1EF8-3A77-B4FD-423AEF6CA270} = {24EF4DF7-1EF8-3A77-B4FD-423AEF6CA270}
	EndProjectSection
EndProject
Project("{8BC9CEB8-8B4A-11D0-8D11-00A0C91BC942}") = "testclean", "testclean.vcxproj", "{2B258370-9E23-3BBD-B71C-EB486C0F335F}"
	ProjectSection(ProjectDependencies) = postProject
		{24EF4DF7-1EF8-3A77-B4FD-423AEF6CA270} = {24EF4DF7-1EF8-3A77-B4FD-423AEF6CA270}
	EndProjectSection
EndProject
Project("{8BC9CEB8-8B4A-11D0-8D11-00A0C91BC942}") = "uninstall", "uninstall.vcxproj", "{7608BC56-0B40-33AA-9E6C-AD8C51D2418B}"
	ProjectSection(ProjectDependencies) = postProject
		{24EF4DF7-1EF8-3A77-B4FD-423AEF6CA270} = {24EF4DF7-1EF8-3A77-B4FD-423AEF6CA270}
	EndProjectSection
EndProject
Project("{8BC9CEB8-8B4A-11D0-8D11-00A0C91BC942}") = "wrjpgcom", "wrjpgcom.vcxproj", "{9F7B54E6-62E6-3794-A5E0-F100311FD15A}"
	ProjectSection(ProjectDependencies) = postProject
		{24EF4DF7-1EF8-3A77-B4FD-423AEF6CA270} = {24EF4DF7-1EF8-3A77-B4FD-423AEF6CA270}
	EndProjectSection
EndProject
Global
	GlobalSection(SolutionConfigurationPlatforms) = preSolution
		Debug|Win32 = Debug|Win32
		Release|Win32 = Release|Win32
		MinSizeRel|Win32 = MinSizeRel|Win32
		RelWithDebInfo|Win32 = RelWithDebInfo|Win32
	EndGlobalSection
	GlobalSection(ProjectConfigurationPlatforms) = postSolution
		{C2A62DC5-5DB1-392C-A440-ED15C072ED4B}.Debug|Win32.ActiveCfg = Debug|Win32
		{C2A62DC5-5DB1-392C-A440-ED15C072ED4B}.Debug|Win32.Build.0 = Debug|Win32
		{C2A62DC5-5DB1-392C-A440-ED15C072ED4B}.Release|Win32.ActiveCfg = Release|Win32
		{C2A62DC5-5DB1-392C-A440-ED15C072ED4B}.Release|Win32.Build.0 = Release|Win32
		{C2A62DC5-5DB1-392C-A440-ED15C072ED4B}.MinSizeRel|Win32.ActiveCfg = MinSizeRel|Win32
		{C2A62DC5-5DB1-392C-A440-ED15C072ED4B}.MinSizeRel|Win32.Build.0 = MinSizeRel|Win32
		{C2A62DC5-5DB1-392C-A440-ED15C072ED4B}.RelWithDebInfo|Win32.ActiveCfg = RelWithDebInfo|Win32
		{C2A62DC5-5DB1-392C-A440-ED15C072ED4B}.RelWithDebInfo|Win32.Build.0 = RelWithDebInfo|Win32
		{50308207-365A-3E0F-B80B-C9958181B386}.Debug|Win32.ActiveCfg = Debug|Win32
		{50308207-365A-3E0F-B80B-C9958181B386}.Release|Win32.ActiveCfg = Release|Win32
		{50308207-365A-3E0F-B80B-C9958181B386}.MinSizeRel|Win32.ActiveCfg = MinSizeRel|Win32
		{50308207-365A-3E0F-B80B-C9958181B386}.RelWithDebInfo|Win32.ActiveCfg = RelWithDebInfo|Win32
		{B2806E76-90F0-3BD9-983B-90AB268C2689}.Debug|Win32.ActiveCfg = Debug|Win32
		{B2806E76-90F0-3BD9-983B-90AB268C2689}.Release|Win32.ActiveCfg = Release|Win32
		{B2806E76-90F0-3BD9-983B-90AB268C2689}.MinSizeRel|Win32.ActiveCfg = MinSizeRel|Win32
		{B2806E76-90F0-3BD9-983B-90AB268C2689}.RelWithDebInfo|Win32.ActiveCfg = RelWithDebInfo|Win32
		{24EF4DF7-1EF8-3A77-B4FD-423AEF6CA270}.Debug|Win32.ActiveCfg = Debug|Win32
		{24EF4DF7-1EF8-3A77-B4FD-423AEF6CA270}.Debug|Win32.Build.0 = Debug|Win32
		{24EF4DF7-1EF8-3A77-B4FD-423AEF6CA270}.Release|Win32.ActiveCfg = Release|Win32
		{24EF4DF7-1EF8-3A77-B4FD-423AEF6CA270}.Release|Win32.Build.0 = Release|Win32
		{24EF4DF7-1EF8-3A77-B4FD-423AEF6CA270}.MinSizeRel|Win32.ActiveCfg = MinSizeRel|Win32
		{24EF4DF7-1EF8-3A77-B4FD-423AEF6CA270}.MinSizeRel|Win32.Build.0 = MinSizeRel|Win32
		{24EF4DF7-1EF8-3A77-B4FD-423AEF6CA270}.RelWithDebInfo|Win32.ActiveCfg = RelWithDebInfo|Win32
		{24EF4DF7-1EF8-3A77-B4FD-423AEF6CA270}.RelWithDebInfo|Win32.Build.0 = RelWithDebInfo|Win32
		{F4731A63-F9D2-3A84-AB6B-FEEA7E22B3F6}.Debug|Win32.ActiveCfg = Debug|Win32
		{F4731A63-F9D2-3A84-AB6B-FEEA7E22B3F6}.Debug|Win32.Build.0 = Debug|Win32
		{F4731A63-F9D2-3A84-AB6B-FEEA7E22B3F6}.Release|Win32.ActiveCfg = Release|Win32
		{F4731A63-F9D2-3A84-AB6B-FEEA7E22B3F6}.Release|Win32.Build.0 = Release|Win32
		{F4731A63-F9D2-3A84-AB6B-FEEA7E22B3F6}.MinSizeRel|Win32.ActiveCfg = MinSizeRel|Win32
		{F4731A63-F9D2-3A84-AB6B-FEEA7E22B3F6}.MinSizeRel|Win32.Build.0 = MinSizeRel|Win32
		{F4731A63-F9D2-3A84-AB6B-FEEA7E22B3F6}.RelWithDebInfo|Win32.ActiveCfg = RelWithDebInfo|Win32
		{F4731A63-F9D2-3A84-AB6B-FEEA7E22B3F6}.RelWithDebInfo|Win32.Build.0 = RelWithDebInfo|Win32
		{692C4557-2C99-3C30-BF8D-57B6337121F9}.Debug|Win32.ActiveCfg = Debug|Win32
		{692C4557-2C99-3C30-BF8D-57B6337121F9}.Debug|Win32.Build.0 = Debug|Win32
		{692C4557-2C99-3C30-BF8D-57B6337121F9}.Release|Win32.ActiveCfg = Release|Win32
		{692C4557-2C99-3C30-BF8D-57B6337121F9}.Release|Win32.Build.0 = Release|Win32
		{692C4557-2C99-3C30-BF8D-57B6337121F9}.MinSizeRel|Win32.ActiveCfg = MinSizeRel|Win32
		{692C4557-2C99-3C30-BF8D-57B6337121F9}.MinSizeRel|Win32.Build.0 = MinSizeRel|Win32
		{692C4557-2C99-3C30-BF8D-57B6337121F9}.RelWithDebInfo|Win32.ActiveCfg = RelWithDebInfo|Win32
		{692C4557-2C99-3C30-BF8D-57B6337121F9}.RelWithDebInfo|Win32.Build.0 = RelWithDebInfo|Win32
		{BF3538A7-FFE5-35E1-86E4-767CF5EDD95C}.Debug|Win32.ActiveCfg = Debug|Win32
		{BF3538A7-FFE5-35E1-86E4-767CF5EDD95C}.Release|Win32.ActiveCfg = Release|Win32
		{BF3538A7-FFE5-35E1-86E4-767CF5EDD95C}.MinSizeRel|Win32.ActiveCfg = MinSizeRel|Win32
		{BF3538A7-FFE5-35E1-86E4-767CF5EDD95C}.RelWithDebInfo|Win32.ActiveCfg = RelWithDebInfo|Win32
		{948474E6-64CE-3A18-B989-F125D657387F}.Debug|Win32.ActiveCfg = Debug|Win32
		{948474E6-64CE-3A18-B989-F125D657387F}.Debug|Win32.Build.0 = Debug|Win32
		{948474E6-64CE-3A18-B989-F125D657387F}.Release|Win32.ActiveCfg = Release|Win32
		{948474E6-64CE-3A18-B989-F125D657387F}.Release|Win32.Build.0 = Release|Win32
		{948474E6-64CE-3A18-B989-F125D657387F}.MinSizeRel|Win32.ActiveCfg = MinSizeRel|Win32
		{948474E6-64CE-3A18-B989-F125D657387F}.MinSizeRel|Win32.Build.0 = MinSizeRel|Win32
		{948474E6-64CE-3A18-B989-F125D657387F}.RelWithDebInfo|Win32.ActiveCfg = RelWithDebInfo|Win32
		{948474E6-64CE-3A18-B989-F125D657387F}.RelWithDebInfo|Win32.Build.0 = RelWithDebInfo|Win32
		{BD8F1965-1532-3C44-BC90-1526C992BFE1}.Debug|Win32.ActiveCfg = Debug|Win32
		{BD8F1965-1532-3C44-BC90-1526C992BFE1}.Debug|Win32.Build.0 = Debug|Win32
		{BD8F1965-1532-3C44-BC90-1526C992BFE1}.Release|Win32.ActiveCfg = Release|Win32
		{BD8F1965-1532-3C44-BC90-1526C992BFE1}.Release|Win32.Build.0 = Release|Win32
		{BD8F1965-1532-3C44-BC90-1526C992BFE1}.MinSizeRel|Win32.ActiveCfg = MinSizeRel|Win32
		{BD8F1965-1532-3C44-BC90-1526C992BFE1}.MinSizeRel|Win32.Build.0 = MinSizeRel|Win32
		{BD8F1965-1532-3C44-BC90-1526C992BFE1}.RelWithDebInfo|Win32.ActiveCfg = RelWithDebInfo|Win32
		{BD8F1965-1532-3C44-BC90-1526C992BFE1}.RelWithDebInfo|Win32.Build.0 = RelWithDebInfo|Win32
		{59B52330-0A0D-30B4-AB82-9B8A620255E5}.Debug|Win32.ActiveCfg = Debug|Win32
		{59B52330-0A0D-30B4-AB82-9B8A620255E5}.Release|Win32.ActiveCfg = Release|Win32
		{59B52330-0A0D-30B4-AB82-9B8A620255E5}.MinSizeRel|Win32.ActiveCfg = MinSizeRel|Win32
		{59B52330-0A0D-30B4-AB82-9B8A620255E5}.RelWithDebInfo|Win32.ActiveCfg = RelWithDebInfo|Win32
		{279DBA2B-D4BA-36CB-B430-513F4C0E2320}.Debug|Win32.ActiveCfg = Debug|Win32
		{279DBA2B-D4BA-36CB-B430-513F4C0E2320}.Debug|Win32.Build.0 = Debug|Win32
		{279DBA2B-D4BA-36CB-B430-513F4C0E2320}.Release|Win32.ActiveCfg = Release|Win32
		{279DBA2B-D4BA-36CB-B430-513F4C0E2320}.Release|Win32.Build.0 = Release|Win32
		{279DBA2B-D4BA-36CB-B430-513F4C0E2320}.MinSizeRel|Win32.ActiveCfg = MinSizeRel|Win32
		{279DBA2B-D4BA-36CB-B430-513F4C0E2320}.MinSizeRel|Win32.Build.0 = MinSizeRel|Win32
		{279DBA2B-D4BA-36CB-B430-513F4C0E2320}.RelWithDebInfo|Win32.ActiveCfg = RelWithDebInfo|Win32
		{279DBA2B-D4BA-36CB-B430-513F4C0E2320}.RelWithDebInfo|Win32.Build.0 = RelWithDebInfo|Win32
		{7CA8FD66-DF32-3B70-9D13-15A96F5BDEFE}.Debug|Win32.ActiveCfg = Debug|Win32
		{7CA8FD66-DF32-3B70-9D13-15A96F5BDEFE}.Debug|Win32.Build.0 = Debug|Win32
		{7CA8FD66-DF32-3B70-9D13-15A96F5BDEFE}.Release|Win32.ActiveCfg = Release|Win32
		{7CA8FD66-DF32-3B70-9D13-15A96F5BDEFE}.Release|Win32.Build.0 = Release|Win32
		{7CA8FD66-DF32-3B70-9D13-15A96F5BDEFE}.MinSizeRel|Win32.ActiveCfg = MinSizeRel|Win32
		{7CA8FD66-DF32-3B70-9D13-15A96F5BDEFE}.MinSizeRel|Win32.Build.0 = MinSizeRel|Win32
		{7CA8FD66-DF32-3B70-9D13-15A96F5BDEFE}.RelWithDebInfo|Win32.ActiveCfg = RelWithDebInfo|Win32
		{7CA8FD66-DF32-3B70-9D13-15A96F5BDEFE}.RelWithDebInfo|Win32.Build.0 = RelWithDebInfo|Win32
		{55ED56A0-EA30-3262-B673-73311787B91D}.Debug|Win32.ActiveCfg = Debug|Win32
		{55ED56A0-EA30-3262-B673-73311787B91D}.Debug|Win32.Build.0 = Debug|Win32
		{55ED56A0-EA30-3262-B673-73311787B91D}.Release|Win32.ActiveCfg = Release|Win32
		{55ED56A0-EA30-3262-B673-73311787B91D}.Release|Win32.Build.0 = Release|Win32
		{55ED56A0-EA30-3262-B673-73311787B91D}.MinSizeRel|Win32.ActiveCfg = MinSizeRel|Win32
		{55ED56A0-EA30-3262-B673-73311787B91D}.MinSizeRel|Win32.Build.0 = MinSizeRel|Win32
		{55ED56A0-EA30-3262-B673-73311787B91D}.RelWithDebInfo|Win32.ActiveCfg = RelWithDebInfo|Win32
		{55ED56A0-EA30-3262-B673-73311787B91D}.RelWithDebInfo|Win32.Build.0 = RelWithDebInfo|Win32
		{7A30EC1B-D666-32B2-B57C-2FAA931E43FA}.Debug|Win32.ActiveCfg = Debug|Win32
		{7A30EC1B-D666-32B2-B57C-2FAA931E43FA}.Debug|Win32.Build.0 = Debug|Win32
		{7A30EC1B-D666-32B2-B57C-2FAA931E43FA}.Release|Win32.ActiveCfg = Release|Win32
		{7A30EC1B-D666-32B2-B57C-2FAA931E43FA}.Release|Win32.Build.0 = Release|Win32
		{7A30EC1B-D666-32B2-B57C-2FAA931E43FA}.MinSizeRel|Win32.ActiveCfg = MinSizeRel|Win32
		{7A30EC1B-D666-32B2-B57C-2FAA931E43FA}.MinSizeRel|Win32.Build.0 = MinSizeRel|Win32
		{7A30EC1B-D666-32B2-B57C-2FAA931E43FA}.RelWithDebInfo|Win32.ActiveCfg = RelWithDebInfo|Win32
		{7A30EC1B-D666-32B2-B57C-2FAA931E43FA}.RelWithDebInfo|Win32.Build.0 = RelWithDebInfo|Win32
		{779BC1CF-F29F-3735-8D33-0B8C52AED941}.Debug|Win32.ActiveCfg = Debug|Win32
		{779BC1CF-F29F-3735-8D33-0B8C52AED941}.Debug|Win32.Build.0 = Debug|Win32
		{779BC1CF-F29F-3735-8D33-0B8C52AED941}.Release|Win32.ActiveCfg = Release|Win32
		{779BC1CF-F29F-3735-8D33-0B8C52AED941}.Release|Win32.Build.0 = Release|Win32
		{779BC1CF-F29F-3735-8D33-0B8C52AED941}.MinSizeRel|Win32.ActiveCfg = MinSizeRel|Win32
		{779BC1CF-F29F-3735-8D33-0B8C52AED941}.MinSizeRel|Win32.Build.0 = MinSizeRel|Win32
		{779BC1CF-F29F-3735-8D33-0B8C52AED941}.RelWithDebInfo|Win32.ActiveCfg = RelWithDebInfo|Win32
		{779BC1CF-F29F-3735-8D33-0B8C52AED941}.RelWithDebInfo|Win32.Build.0 = RelWithDebInfo|Win32
		{0E0D0AC4-3767-3527-9368-45F1EA568DEC}.Debug|Win32.ActiveCfg = Debug|Win32
		{0E0D0AC4-3767-3527-9368-45F1EA568DEC}.Release|Win32.ActiveCfg = Release|Win32
		{0E0D0AC4-3767-3527-9368-45F1EA568DEC}.MinSizeRel|Win32.ActiveCfg = MinSizeRel|Win32
		{0E0D0AC4-3767-3527-9368-45F1EA568DEC}.RelWithDebInfo|Win32.ActiveCfg = RelWithDebInfo|Win32
		{1FA71AA8-65AC-32DC-B99D-17918C59515F}.Debug|Win32.ActiveCfg = Debug|Win32
		{1FA71AA8-65AC-32DC-B99D-17918C59515F}.Debug|Win32.Build.0 = Debug|Win32
		{1FA71AA8-65AC-32DC-B99D-17918C59515F}.Release|Win32.ActiveCfg = Release|Win32
		{1FA71AA8-65AC-32DC-B99D-17918C59515F}.Release|Win32.Build.0 = Release|Win32
		{1FA71AA8-65AC-32DC-B99D-17918C59515F}.MinSizeRel|Win32.ActiveCfg = MinSizeRel|Win32
		{1FA71AA8-65AC-32DC-B99D-17918C59515F}.MinSizeRel|Win32.Build.0 = MinSizeRel|Win32
		{1FA71AA8-65AC-32DC-B99D-17918C59515F}.RelWithDebInfo|Win32.ActiveCfg = RelWithDebInfo|Win32
		{1FA71AA8-65AC-32DC-B99D-17918C59515F}.RelWithDebInfo|Win32.Build.0 = RelWithDebInfo|Win32
		{34790B9E-385C-350D-9B01-9896FED5B2E6}.Debug|Win32.ActiveCfg = Debug|Win32
		{34790B9E-385C-350D-9B01-9896FED5B2E6}.Debug|Win32.Build.0 = Debug|Win32
		{34790B9E-385C-350D-9B01-9896FED5B2E6}.Release|Win32.ActiveCfg = Release|Win32
		{34790B9E-385C-350D-9B01-9896FED5B2E6}.Release|Win32.Build.0 = Release|Win32
		{34790B9E-385C-350D-9B01-9896FED5B2E6}.MinSizeRel|Win32.ActiveCfg = MinSizeRel|Win32
		{34790B9E-385C-350D-9B01-9896FED5B2E6}.MinSizeRel|Win32.Build.0 = MinSizeRel|Win32
		{34790B9E-385C-350D-9B01-9896FED5B2E6}.RelWithDebInfo|Win32.ActiveCfg = RelWithDebInfo|Win32
		{34790B9E-385C-350D-9B01-9896FED5B2E6}.RelWithDebInfo|Win32.Build.0 = RelWithDebInfo|Win32
		{CEAA912A-5486-3F6F-ABEB-958C212A02A7}.Debug|Win32.ActiveCfg = Debug|Win32
		{CEAA912A-5486-3F6F-ABEB-958C212A02A7}.Debug|Win32.Build.0 = Debug|Win32
		{CEAA912A-5486-3F6F-ABEB-958C212A02A7}.Release|Win32.ActiveCfg = Release|Win32
		{CEAA912A-5486-3F6F-ABEB-958C212A02A7}.Release|Win32.Build.0 = Release|Win32
		{CEAA912A-5486-3F6F-ABEB-958C212A02A7}.MinSizeRel|Win32.ActiveCfg = MinSizeRel|Win32
		{CEAA912A-5486-3F6F-ABEB-958C212A02A7}.MinSizeRel|Win32.Build.0 = MinSizeRel|Win32
		{CEAA912A-5486-3F6F-ABEB-958C212A02A7}.RelWithDebInfo|Win32.ActiveCfg = RelWithDebInfo|Win32
		{CEAA912A-5486-3F6F-ABEB-958C212A02A7}.RelWithDebInfo|Win32.Build.0 = RelWithDebInfo|Win32
		{D67B1DD5-EE4E-3712-B096-49417C5BA93F}.Debug|Win32.ActiveCfg = Debug|Win32
		{D67B1DD5-EE4E-3712-B096-49417C5BA93F}.Debug|Win32.Build.0 = Debug|Win32
		{D67B1DD5-EE4E-3712-B096-49417C5BA93F}.Release|Win32.ActiveCfg = Release|Win32
		{D67B1DD5-EE4E-3712-B096-49417C5BA93F}.Release|Win32.Build.0 = Release|Win32
		{D67B1DD5-EE4E-3712-B096-49417C5BA93F}.MinSizeRel|Win32.ActiveCfg = MinSizeRel|Win32
		{D67B1DD5-EE4E-3712-B096-49417C5BA93F}.MinSizeRel|Win32.Build.0 = MinSizeRel|Win32
		{D67B1DD5-EE4E-3712-B096-49417C5BA93F}.RelWithDebInfo|Win32.ActiveCfg = RelWithDebInfo|Win32
		{D67B1DD5-EE4E-3712-B096-49417C5BA93F}.RelWithDebInfo|Win32.Build.0 = RelWithDebInfo|Win32
		{3E8B0CBA-375C-309C-8E97-52408E61BFB4}.Debug|Win32.ActiveCfg = Debug|Win32
		{3E8B0CBA-375C-309C-8E97-52408E61BFB4}.Release|Win32.ActiveCfg = Release|Win32
		{3E8B0CBA-375C-309C-8E97-52408E61BFB4}.MinSizeRel|Win32.ActiveCfg = MinSizeRel|Win32
		{3E8B0CBA-375C-309C-8E97-52408E61BFB4}.RelWithDebInfo|Win32.ActiveCfg = RelWithDebInfo|Win32
		{2B258370-9E23-3BBD-B71C-EB486C0F335F}.Debug|Win32.ActiveCfg = Debug|Win32
		{2B258370-9E23-3BBD-B71C-EB486C0F335F}.Release|Win32.ActiveCfg = Release|Win32
		{2B258370-9E23-3BBD-B71C-EB486C0F335F}.MinSizeRel|Win32.ActiveCfg = MinSizeRel|Win32
		{2B258370-9E23-3BBD-B71C-EB486C0F335F}.RelWithDebInfo|Win32.ActiveCfg = RelWithDebInfo|Win32
		{7608BC56-0B40-33AA-9E6C-AD8C51D2418B}.Debug|Win32.ActiveCfg = Debug|Win32
		{7608BC56-0B40-33AA-9E6C-AD8C51D2418B}.Release|Win32.ActiveCfg = Release|Win32
		{7608BC56-0B40-33AA-9E6C-AD8C51D2418B}.MinSizeRel|Win32.ActiveCfg = MinSizeRel|Win32
		{7608BC56-0B40-33AA-9E6C-AD8C51D2418B}.RelWithDebInfo|Win32.ActiveCfg = RelWithDebInfo|Win32
		{9F7B54E6-62E6-3794-A5E0-F100311FD15A}.Debug|Win32.ActiveCfg = Debug|Win32
		{9F7B54E6-62E6-3794-A5E0-F100311FD15A}.Debug|Win32.Build.0 = Debug|Win32
		{9F7B54E6-62E6-3794-A5E0-F100311FD15A}.Release|Win32.ActiveCfg = Release|Win32
		{9F7B54E6-62E6-3794-A5E0-F100311FD15A}.Release|Win32.Build.0 = Release|Win32
		{9F7B54E6-62E6-3794-A5E0-F100311FD15A}.MinSizeRel|Win32.ActiveCfg = MinSizeRel|Win32
		{9F7B54E6-62E6-3794-A5E0-F100311FD15A}.MinSizeRel|Win32.Build.0 = MinSizeRel|Win32
		{9F7B54E6-62E6-3794-A5E0-F100311FD15A}.RelWithDebInfo|Win32.ActiveCfg = RelWithDebInfo|Win32
		{9F7B54E6-62E6-3794-A5E0-F100311FD15A}.RelWithDebInfo|Win32.Build.0 = RelWithDebInfo|Win32
	EndGlobalSection
	GlobalSection(ExtensibilityGlobals) = postSolution
		SolutionGuid = {58DC858A-C766-3B69-B847-BD40D2D15DE6}
	EndGlobalSection
	GlobalSection(ExtensibilityAddIns) = postSolution
	EndGlobalSection
EndGlobal
