<?xml version="1.0" encoding="utf-8"?>
<Project ToolsVersion="12.0" xmlns="http://schemas.microsoft.com/developer/msbuild/2003">
  <ItemGroup>
    <ClCompile Include="D:\work\3lib\libjpeg-turbo\cjpeg.c">
      <Filter>Source Files</Filter>
    </ClCompile>
    <ClCompile Include="D:\work\3lib\libjpeg-turbo\cdjpeg.c">
      <Filter>Source Files</Filter>
    </ClCompile>
    <ClCompile Include="D:\work\3lib\libjpeg-turbo\rdgif.c">
      <Filter>Source Files</Filter>
    </ClCompile>
    <ClCompile Include="D:\work\3lib\libjpeg-turbo\rdppm.c">
      <Filter>Source Files</Filter>
    </ClCompile>
    <ClCompile Include="D:\work\3lib\libjpeg-turbo\rdswitch.c">
      <Filter>Source Files</Filter>
    </ClCompile>
    <ClCompile Include="D:\work\3lib\libjpeg-turbo\rdbmp.c">
      <Filter>Source Files</Filter>
    </ClCompile>
    <ClCompile Include="D:\work\3lib\libjpeg-turbo\rdtarga.c">
      <Filter>Source Files</Filter>
    </ClCompile>
  </ItemGroup>
  <ItemGroup>
    <CustomBuild Include="D:\work\3lib\libjpeg-turbo\sharedlib\CMakeLists.txt" />
  </ItemGroup>
  <ItemGroup>
    <Filter Include="Source Files">
      <UniqueIdentifier>{59DFBED3-30E1-31AA-89F9-0B7DF05E7B36}</UniqueIdentifier>
    </Filter>
  </ItemGroup>
</Project>
