Microsoft Visual Studio Solution File, Format Version 12.00
# Visual Studio 2013
Project("{8BC9CEB8-8B4A-11D0-8D11-00A0C91BC942}") = "ALL_BUILD", "ALL_BUILD.vcxproj", "{64CAAB77-19B4-3021-B82F-3E001C1D2630}"
	ProjectSection(ProjectDependencies) = postProject
		{ABE64592-2CAB-3AA0-A134-C25A731A9479} = {ABE64592-2CAB-3AA0-A134-C25A731A9479}
		{CADD197A-10B1-376E-8226-561E8F8DC214} = {CADD197A-10B1-376E-8226-561E8F8DC214}
		{B31172E1-D18A-3646-9AB8-7C92389F1384} = {B31172E1-D18A-3646-9AB8-7C92389F1384}
		{6A180F0F-FC15-3585-9DBE-314A8B978FF5} = {6A180F0F-FC15-3585-9DBE-314A8B978FF5}
		{AC24541F-D99A-3C74-92ED-90AE9AB986EA} = {AC24541F-D99A-3C74-92ED-90AE9AB986EA}
		{2479D165-BA1E-3DB8-AAEB-C0A0F8B37107} = {2479D165-BA1E-3DB8-AAEB-C0A0F8B37107}
		{B6B09F95-55D7-393D-AA1E-0D85D991F83A} = {B6B09F95-55D7-393D-AA1E-0D85D991F83A}
		{EAA573EC-F901-3107-A1E0-296AC7073D91} = {EAA573EC-F901-3107-A1E0-296AC7073D91}
		{7AA3F330-D072-3EC3-A226-879A88C2F79E} = {7AA3F330-D072-3EC3-A226-879A88C2F79E}
		{95752332-87F4-3DF2-95F5-20D1E3757678} = {95752332-87F4-3DF2-95F5-20D1E3757678}
		{FFB4AC0F-C814-3537-9EA3-8F078A2A69E3} = {FFB4AC0F-C814-3537-9EA3-8F078A2A69E3}
		{7037947B-66B5-3954-A740-E88F30F035DD} = {7037947B-66B5-3954-A740-E88F30F035DD}
		{62E23F6A-34EF-398E-A496-E238A4372AD0} = {62E23F6A-34EF-398E-A496-E238A4372AD0}
		{AEFB1348-172C-384A-9824-5F53A7F20A24} = {AEFB1348-172C-384A-9824-5F53A7F20A24}
	EndProjectSection
EndProject
Project("{8BC9CEB8-8B4A-11D0-8D11-00A0C91BC942}") = "INSTALL", "INSTALL.vcxproj", "{6B141492-747B-359B-80E8-CE093486124A}"
	ProjectSection(ProjectDependencies) = postProject
		{64CAAB77-19B4-3021-B82F-3E001C1D2630} = {64CAAB77-19B4-3021-B82F-3E001C1D2630}
		{ABE64592-2CAB-3AA0-A134-C25A731A9479} = {ABE64592-2CAB-3AA0-A134-C25A731A9479}
	EndProjectSection
EndProject
Project("{8BC9CEB8-8B4A-11D0-8D11-00A0C91BC942}") = "RUN_TESTS", "RUN_TESTS.vcxproj", "{17A69E7C-CB38-35E4-985C-5D9CE01C2011}"
	ProjectSection(ProjectDependencies) = postProject
		{ABE64592-2CAB-3AA0-A134-C25A731A9479} = {ABE64592-2CAB-3AA0-A134-C25A731A9479}
	EndProjectSection
EndProject
Project("{8BC9CEB8-8B4A-11D0-8D11-00A0C91BC942}") = "ZERO_CHECK", "ZERO_CHECK.vcxproj", "{ABE64592-2CAB-3AA0-A134-C25A731A9479}"
	ProjectSection(ProjectDependencies) = postProject
	EndProjectSection
EndProject
Project("{8BC9CEB8-8B4A-11D0-8D11-00A0C91BC942}") = "cjpeg", "sharedlib\cjpeg.vcxproj", "{CADD197A-10B1-376E-8226-561E8F8DC214}"
	ProjectSection(ProjectDependencies) = postProject
		{ABE64592-2CAB-3AA0-A134-C25A731A9479} = {ABE64592-2CAB-3AA0-A134-C25A731A9479}
		{B6B09F95-55D7-393D-AA1E-0D85D991F83A} = {B6B09F95-55D7-393D-AA1E-0D85D991F83A}
	EndProjectSection
EndProject
Project("{8BC9CEB8-8B4A-11D0-8D11-00A0C91BC942}") = "cjpeg-static", "cjpeg-static.vcxproj", "{B31172E1-D18A-3646-9AB8-7C92389F1384}"
	ProjectSection(ProjectDependencies) = postProject
		{ABE64592-2CAB-3AA0-A134-C25A731A9479} = {ABE64592-2CAB-3AA0-A134-C25A731A9479}
		{EAA573EC-F901-3107-A1E0-296AC7073D91} = {EAA573EC-F901-3107-A1E0-296AC7073D91}
	EndProjectSection
EndProject
Project("{8BC9CEB8-8B4A-11D0-8D11-00A0C91BC942}") = "dist", "dist.vcxproj", "{AD9BBDCB-0F5B-3687-AA91-98742DDEB2DA}"
	ProjectSection(ProjectDependencies) = postProject
		{ABE64592-2CAB-3AA0-A134-C25A731A9479} = {ABE64592-2CAB-3AA0-A134-C25A731A9479}
	EndProjectSection
EndProject
Project("{8BC9CEB8-8B4A-11D0-8D11-00A0C91BC942}") = "djpeg", "sharedlib\djpeg.vcxproj", "{6A180F0F-FC15-3585-9DBE-314A8B978FF5}"
	ProjectSection(ProjectDependencies) = postProject
		{ABE64592-2CAB-3AA0-A134-C25A731A9479} = {ABE64592-2CAB-3AA0-A134-C25A731A9479}
		{B6B09F95-55D7-393D-AA1E-0D85D991F83A} = {B6B09F95-55D7-393D-AA1E-0D85D991F83A}
	EndProjectSection
EndProject
Project("{8BC9CEB8-8B4A-11D0-8D11-00A0C91BC942}") = "djpeg-static", "djpeg-static.vcxproj", "{AC24541F-D99A-3C74-92ED-90AE9AB986EA}"
	ProjectSection(ProjectDependencies) = postProject
		{ABE64592-2CAB-3AA0-A134-C25A731A9479} = {ABE64592-2CAB-3AA0-A134-C25A731A9479}
		{EAA573EC-F901-3107-A1E0-296AC7073D91} = {EAA573EC-F901-3107-A1E0-296AC7073D91}
	EndProjectSection
EndProject
Project("{8BC9CEB8-8B4A-11D0-8D11-00A0C91BC942}") = "installer", "installer.vcxproj", "{ED1A1E51-50B6-37D9-9CDE-84F40A60D953}"
	ProjectSection(ProjectDependencies) = postProject
		{ABE64592-2CAB-3AA0-A134-C25A731A9479} = {ABE64592-2CAB-3AA0-A134-C25A731A9479}
		{CADD197A-10B1-376E-8226-561E8F8DC214} = {CADD197A-10B1-376E-8226-561E8F8DC214}
		{6A180F0F-FC15-3585-9DBE-314A8B978FF5} = {6A180F0F-FC15-3585-9DBE-314A8B978FF5}
		{B6B09F95-55D7-393D-AA1E-0D85D991F83A} = {B6B09F95-55D7-393D-AA1E-0D85D991F83A}
		{EAA573EC-F901-3107-A1E0-296AC7073D91} = {EAA573EC-F901-3107-A1E0-296AC7073D91}
		{7AA3F330-D072-3EC3-A226-879A88C2F79E} = {7AA3F330-D072-3EC3-A226-879A88C2F79E}
		{7037947B-66B5-3954-A740-E88F30F035DD} = {7037947B-66B5-3954-A740-E88F30F035DD}
		{AEFB1348-172C-384A-9824-5F53A7F20A24} = {AEFB1348-172C-384A-9824-5F53A7F20A24}
	EndProjectSection
EndProject
Project("{8BC9CEB8-8B4A-11D0-8D11-00A0C91BC942}") = "jcstest", "sharedlib\jcstest.vcxproj", "{2479D165-BA1E-3DB8-AAEB-C0A0F8B37107}"
	ProjectSection(ProjectDependencies) = postProject
		{ABE64592-2CAB-3AA0-A134-C25A731A9479} = {ABE64592-2CAB-3AA0-A134-C25A731A9479}
		{B6B09F95-55D7-393D-AA1E-0D85D991F83A} = {B6B09F95-55D7-393D-AA1E-0D85D991F83A}
	EndProjectSection
EndProject
Project("{8BC9CEB8-8B4A-11D0-8D11-00A0C91BC942}") = "jpeg", "sharedlib\jpeg.vcxproj", "{B6B09F95-55D7-393D-AA1E-0D85D991F83A}"
	ProjectSection(ProjectDependencies) = postProject
		{ABE64592-2CAB-3AA0-A134-C25A731A9479} = {ABE64592-2CAB-3AA0-A134-C25A731A9479}
		{62E23F6A-34EF-398E-A496-E238A4372AD0} = {62E23F6A-34EF-398E-A496-E238A4372AD0}
	EndProjectSection
EndProject
Project("{8BC9CEB8-8B4A-11D0-8D11-00A0C91BC942}") = "jpeg-static", "jpeg-static.vcxproj", "{EAA573EC-F901-3107-A1E0-296AC7073D91}"
	ProjectSection(ProjectDependencies) = postProject
		{ABE64592-2CAB-3AA0-A134-C25A731A9479} = {ABE64592-2CAB-3AA0-A134-C25A731A9479}
		{62E23F6A-34EF-398E-A496-E238A4372AD0} = {62E23F6A-34EF-398E-A496-E238A4372AD0}
	EndProjectSection
EndProject
Project("{8BC9CEB8-8B4A-11D0-8D11-00A0C91BC942}") = "jpegtran", "sharedlib\jpegtran.vcxproj", "{7AA3F330-D072-3EC3-A226-879A88C2F79E}"
	ProjectSection(ProjectDependencies) = postProject
		{ABE64592-2CAB-3AA0-A134-C25A731A9479} = {ABE64592-2CAB-3AA0-A134-C25A731A9479}
		{B6B09F95-55D7-393D-AA1E-0D85D991F83A} = {B6B09F95-55D7-393D-AA1E-0D85D991F83A}
	EndProjectSection
EndProject
Project("{8BC9CEB8-8B4A-11D0-8D11-00A0C91BC942}") = "jpegtran-static", "jpegtran-static.vcxproj", "{95752332-87F4-3DF2-95F5-20D1E3757678}"
	ProjectSection(ProjectDependencies) = postProject
		{ABE64592-2CAB-3AA0-A134-C25A731A9479} = {ABE64592-2CAB-3AA0-A134-C25A731A9479}
		{EAA573EC-F901-3107-A1E0-296AC7073D91} = {EAA573EC-F901-3107-A1E0-296AC7073D91}
	EndProjectSection
EndProject
Project("{8BC9CEB8-8B4A-11D0-8D11-00A0C91BC942}") = "jsimdcfg", "simd\jsimdcfg.vcxproj", "{50689247-D1F1-33B4-8C1C-3C34E672672C}"
	ProjectSection(ProjectDependencies) = postProject
		{ABE64592-2CAB-3AA0-A134-C25A731A9479} = {ABE64592-2CAB-3AA0-A134-C25A731A9479}
	EndProjectSection
EndProject
Project("{8BC9CEB8-8B4A-11D0-8D11-00A0C91BC942}") = "md5cmp", "md5\md5cmp.vcxproj", "{FFB4AC0F-C814-3537-9EA3-8F078A2A69E3}"
	ProjectSection(ProjectDependencies) = postProject
		{ABE64592-2CAB-3AA0-A134-C25A731A9479} = {ABE64592-2CAB-3AA0-A134-C25A731A9479}
	EndProjectSection
EndProject
Project("{8BC9CEB8-8B4A-11D0-8D11-00A0C91BC942}") = "rdjpgcom", "rdjpgcom.vcxproj", "{7037947B-66B5-3954-A740-E88F30F035DD}"
	ProjectSection(ProjectDependencies) = postProject
		{ABE64592-2CAB-3AA0-A134-C25A731A9479} = {ABE64592-2CAB-3AA0-A134-C25A731A9479}
	EndProjectSection
EndProject
Project("{8BC9CEB8-8B4A-11D0-8D11-00A0C91BC942}") = "simd", "simd\simd.vcxproj", "{62E23F6A-34EF-398E-A496-E238A4372AD0}"
	ProjectSection(ProjectDependencies) = postProject
		{ABE64592-2CAB-3AA0-A134-C25A731A9479} = {ABE64592-2CAB-3AA0-A134-C25A731A9479}
		{6B318E68-827B-3A0B-A38C-B6DF2E775FBF} = {6B318E68-827B-3A0B-A38C-B6DF2E775FBF}
	EndProjectSection
EndProject
Project("{8BC9CEB8-8B4A-11D0-8D11-00A0C91BC942}") = "simd-objs", "simd\simd-objs.vcxproj", "{6B318E68-827B-3A0B-A38C-B6DF2E775FBF}"
	ProjectSection(ProjectDependencies) = postProject
		{ABE64592-2CAB-3AA0-A134-C25A731A9479} = {ABE64592-2CAB-3AA0-A134-C25A731A9479}
	EndProjectSection
EndProject
Project("{8BC9CEB8-8B4A-11D0-8D11-00A0C91BC942}") = "tarball", "tarball.vcxproj", "{3A76E05E-5CE2-3EDE-A2C6-B95B2B0DD264}"
	ProjectSection(ProjectDependencies) = postProject
		{ABE64592-2CAB-3AA0-A134-C25A731A9479} = {ABE64592-2CAB-3AA0-A134-C25A731A9479}
	EndProjectSection
EndProject
Project("{8BC9CEB8-8B4A-11D0-8D11-00A0C91BC942}") = "testclean", "testclean.vcxproj", "{A0A18FE6-0C6B-3053-B38D-C7B655C0B7BF}"
	ProjectSection(ProjectDependencies) = postProject
		{ABE64592-2CAB-3AA0-A134-C25A731A9479} = {ABE64592-2CAB-3AA0-A134-C25A731A9479}
	EndProjectSection
EndProject
Project("{8BC9CEB8-8B4A-11D0-8D11-00A0C91BC942}") = "uninstall", "uninstall.vcxproj", "{E9BEA2F4-5FA6-35D8-BB6A-50953FA212D4}"
	ProjectSection(ProjectDependencies) = postProject
		{ABE64592-2CAB-3AA0-A134-C25A731A9479} = {ABE64592-2CAB-3AA0-A134-C25A731A9479}
	EndProjectSection
EndProject
Project("{8BC9CEB8-8B4A-11D0-8D11-00A0C91BC942}") = "wrjpgcom", "wrjpgcom.vcxproj", "{AEFB1348-172C-384A-9824-5F53A7F20A24}"
	ProjectSection(ProjectDependencies) = postProject
		{ABE64592-2CAB-3AA0-A134-C25A731A9479} = {ABE64592-2CAB-3AA0-A134-C25A731A9479}
	EndProjectSection
EndProject
Global
	GlobalSection(SolutionConfigurationPlatforms) = preSolution
		Debug|x64 = Debug|x64
		Release|x64 = Release|x64
		MinSizeRel|x64 = MinSizeRel|x64
		RelWithDebInfo|x64 = RelWithDebInfo|x64
	EndGlobalSection
	GlobalSection(ProjectConfigurationPlatforms) = postSolution
		{64CAAB77-19B4-3021-B82F-3E001C1D2630}.Debug|x64.ActiveCfg = Debug|x64
		{64CAAB77-19B4-3021-B82F-3E001C1D2630}.Debug|x64.Build.0 = Debug|x64
		{64CAAB77-19B4-3021-B82F-3E001C1D2630}.Release|x64.ActiveCfg = Release|x64
		{64CAAB77-19B4-3021-B82F-3E001C1D2630}.Release|x64.Build.0 = Release|x64
		{64CAAB77-19B4-3021-B82F-3E001C1D2630}.MinSizeRel|x64.ActiveCfg = MinSizeRel|x64
		{64CAAB77-19B4-3021-B82F-3E001C1D2630}.MinSizeRel|x64.Build.0 = MinSizeRel|x64
		{64CAAB77-19B4-3021-B82F-3E001C1D2630}.RelWithDebInfo|x64.ActiveCfg = RelWithDebInfo|x64
		{64CAAB77-19B4-3021-B82F-3E001C1D2630}.RelWithDebInfo|x64.Build.0 = RelWithDebInfo|x64
		{6B141492-747B-359B-80E8-CE093486124A}.Debug|x64.ActiveCfg = Debug|x64
		{6B141492-747B-359B-80E8-CE093486124A}.Release|x64.ActiveCfg = Release|x64
		{6B141492-747B-359B-80E8-CE093486124A}.MinSizeRel|x64.ActiveCfg = MinSizeRel|x64
		{6B141492-747B-359B-80E8-CE093486124A}.RelWithDebInfo|x64.ActiveCfg = RelWithDebInfo|x64
		{17A69E7C-CB38-35E4-985C-5D9CE01C2011}.Debug|x64.ActiveCfg = Debug|x64
		{17A69E7C-CB38-35E4-985C-5D9CE01C2011}.Release|x64.ActiveCfg = Release|x64
		{17A69E7C-CB38-35E4-985C-5D9CE01C2011}.MinSizeRel|x64.ActiveCfg = MinSizeRel|x64
		{17A69E7C-CB38-35E4-985C-5D9CE01C2011}.RelWithDebInfo|x64.ActiveCfg = RelWithDebInfo|x64
		{ABE64592-2CAB-3AA0-A134-C25A731A9479}.Debug|x64.ActiveCfg = Debug|x64
		{ABE64592-2CAB-3AA0-A134-C25A731A9479}.Debug|x64.Build.0 = Debug|x64
		{ABE64592-2CAB-3AA0-A134-C25A731A9479}.Release|x64.ActiveCfg = Release|x64
		{ABE64592-2CAB-3AA0-A134-C25A731A9479}.Release|x64.Build.0 = Release|x64
		{ABE64592-2CAB-3AA0-A134-C25A731A9479}.MinSizeRel|x64.ActiveCfg = MinSizeRel|x64
		{ABE64592-2CAB-3AA0-A134-C25A731A9479}.MinSizeRel|x64.Build.0 = MinSizeRel|x64
		{ABE64592-2CAB-3AA0-A134-C25A731A9479}.RelWithDebInfo|x64.ActiveCfg = RelWithDebInfo|x64
		{ABE64592-2CAB-3AA0-A134-C25A731A9479}.RelWithDebInfo|x64.Build.0 = RelWithDebInfo|x64
		{CADD197A-10B1-376E-8226-561E8F8DC214}.Debug|x64.ActiveCfg = Debug|x64
		{CADD197A-10B1-376E-8226-561E8F8DC214}.Debug|x64.Build.0 = Debug|x64
		{CADD197A-10B1-376E-8226-561E8F8DC214}.Release|x64.ActiveCfg = Release|x64
		{CADD197A-10B1-376E-8226-561E8F8DC214}.Release|x64.Build.0 = Release|x64
		{CADD197A-10B1-376E-8226-561E8F8DC214}.MinSizeRel|x64.ActiveCfg = MinSizeRel|x64
		{CADD197A-10B1-376E-8226-561E8F8DC214}.MinSizeRel|x64.Build.0 = MinSizeRel|x64
		{CADD197A-10B1-376E-8226-561E8F8DC214}.RelWithDebInfo|x64.ActiveCfg = RelWithDebInfo|x64
		{CADD197A-10B1-376E-8226-561E8F8DC214}.RelWithDebInfo|x64.Build.0 = RelWithDebInfo|x64
		{B31172E1-D18A-3646-9AB8-7C92389F1384}.Debug|x64.ActiveCfg = Debug|x64
		{B31172E1-D18A-3646-9AB8-7C92389F1384}.Debug|x64.Build.0 = Debug|x64
		{B31172E1-D18A-3646-9AB8-7C92389F1384}.Release|x64.ActiveCfg = Release|x64
		{B31172E1-D18A-3646-9AB8-7C92389F1384}.Release|x64.Build.0 = Release|x64
		{B31172E1-D18A-3646-9AB8-7C92389F1384}.MinSizeRel|x64.ActiveCfg = MinSizeRel|x64
		{B31172E1-D18A-3646-9AB8-7C92389F1384}.MinSizeRel|x64.Build.0 = MinSizeRel|x64
		{B31172E1-D18A-3646-9AB8-7C92389F1384}.RelWithDebInfo|x64.ActiveCfg = RelWithDebInfo|x64
		{B31172E1-D18A-3646-9AB8-7C92389F1384}.RelWithDebInfo|x64.Build.0 = RelWithDebInfo|x64
		{AD9BBDCB-0F5B-3687-AA91-98742DDEB2DA}.Debug|x64.ActiveCfg = Debug|x64
		{AD9BBDCB-0F5B-3687-AA91-98742DDEB2DA}.Release|x64.ActiveCfg = Release|x64
		{AD9BBDCB-0F5B-3687-AA91-98742DDEB2DA}.MinSizeRel|x64.ActiveCfg = MinSizeRel|x64
		{AD9BBDCB-0F5B-3687-AA91-98742DDEB2DA}.RelWithDebInfo|x64.ActiveCfg = RelWithDebInfo|x64
		{6A180F0F-FC15-3585-9DBE-314A8B978FF5}.Debug|x64.ActiveCfg = Debug|x64
		{6A180F0F-FC15-3585-9DBE-314A8B978FF5}.Debug|x64.Build.0 = Debug|x64
		{6A180F0F-FC15-3585-9DBE-314A8B978FF5}.Release|x64.ActiveCfg = Release|x64
		{6A180F0F-FC15-3585-9DBE-314A8B978FF5}.Release|x64.Build.0 = Release|x64
		{6A180F0F-FC15-3585-9DBE-314A8B978FF5}.MinSizeRel|x64.ActiveCfg = MinSizeRel|x64
		{6A180F0F-FC15-3585-9DBE-314A8B978FF5}.MinSizeRel|x64.Build.0 = MinSizeRel|x64
		{6A180F0F-FC15-3585-9DBE-314A8B978FF5}.RelWithDebInfo|x64.ActiveCfg = RelWithDebInfo|x64
		{6A180F0F-FC15-3585-9DBE-314A8B978FF5}.RelWithDebInfo|x64.Build.0 = RelWithDebInfo|x64
		{AC24541F-D99A-3C74-92ED-90AE9AB986EA}.Debug|x64.ActiveCfg = Debug|x64
		{AC24541F-D99A-3C74-92ED-90AE9AB986EA}.Debug|x64.Build.0 = Debug|x64
		{AC24541F-D99A-3C74-92ED-90AE9AB986EA}.Release|x64.ActiveCfg = Release|x64
		{AC24541F-D99A-3C74-92ED-90AE9AB986EA}.Release|x64.Build.0 = Release|x64
		{AC24541F-D99A-3C74-92ED-90AE9AB986EA}.MinSizeRel|x64.ActiveCfg = MinSizeRel|x64
		{AC24541F-D99A-3C74-92ED-90AE9AB986EA}.MinSizeRel|x64.Build.0 = MinSizeRel|x64
		{AC24541F-D99A-3C74-92ED-90AE9AB986EA}.RelWithDebInfo|x64.ActiveCfg = RelWithDebInfo|x64
		{AC24541F-D99A-3C74-92ED-90AE9AB986EA}.RelWithDebInfo|x64.Build.0 = RelWithDebInfo|x64
		{ED1A1E51-50B6-37D9-9CDE-84F40A60D953}.Debug|x64.ActiveCfg = Debug|x64
		{ED1A1E51-50B6-37D9-9CDE-84F40A60D953}.Release|x64.ActiveCfg = Release|x64
		{ED1A1E51-50B6-37D9-9CDE-84F40A60D953}.MinSizeRel|x64.ActiveCfg = MinSizeRel|x64
		{ED1A1E51-50B6-37D9-9CDE-84F40A60D953}.RelWithDebInfo|x64.ActiveCfg = RelWithDebInfo|x64
		{2479D165-BA1E-3DB8-AAEB-C0A0F8B37107}.Debug|x64.ActiveCfg = Debug|x64
		{2479D165-BA1E-3DB8-AAEB-C0A0F8B37107}.Debug|x64.Build.0 = Debug|x64
		{2479D165-BA1E-3DB8-AAEB-C0A0F8B37107}.Release|x64.ActiveCfg = Release|x64
		{2479D165-BA1E-3DB8-AAEB-C0A0F8B37107}.Release|x64.Build.0 = Release|x64
		{2479D165-BA1E-3DB8-AAEB-C0A0F8B37107}.MinSizeRel|x64.ActiveCfg = MinSizeRel|x64
		{2479D165-BA1E-3DB8-AAEB-C0A0F8B37107}.MinSizeRel|x64.Build.0 = MinSizeRel|x64
		{2479D165-BA1E-3DB8-AAEB-C0A0F8B37107}.RelWithDebInfo|x64.ActiveCfg = RelWithDebInfo|x64
		{2479D165-BA1E-3DB8-AAEB-C0A0F8B37107}.RelWithDebInfo|x64.Build.0 = RelWithDebInfo|x64
		{B6B09F95-55D7-393D-AA1E-0D85D991F83A}.Debug|x64.ActiveCfg = Debug|x64
		{B6B09F95-55D7-393D-AA1E-0D85D991F83A}.Debug|x64.Build.0 = Debug|x64
		{B6B09F95-55D7-393D-AA1E-0D85D991F83A}.Release|x64.ActiveCfg = Release|x64
		{B6B09F95-55D7-393D-AA1E-0D85D991F83A}.Release|x64.Build.0 = Release|x64
		{B6B09F95-55D7-393D-AA1E-0D85D991F83A}.MinSizeRel|x64.ActiveCfg = MinSizeRel|x64
		{B6B09F95-55D7-393D-AA1E-0D85D991F83A}.MinSizeRel|x64.Build.0 = MinSizeRel|x64
		{B6B09F95-55D7-393D-AA1E-0D85D991F83A}.RelWithDebInfo|x64.ActiveCfg = RelWithDebInfo|x64
		{B6B09F95-55D7-393D-AA1E-0D85D991F83A}.RelWithDebInfo|x64.Build.0 = RelWithDebInfo|x64
		{EAA573EC-F901-3107-A1E0-296AC7073D91}.Debug|x64.ActiveCfg = Debug|x64
		{EAA573EC-F901-3107-A1E0-296AC7073D91}.Debug|x64.Build.0 = Debug|x64
		{EAA573EC-F901-3107-A1E0-296AC7073D91}.Release|x64.ActiveCfg = Release|x64
		{EAA573EC-F901-3107-A1E0-296AC7073D91}.Release|x64.Build.0 = Release|x64
		{EAA573EC-F901-3107-A1E0-296AC7073D91}.MinSizeRel|x64.ActiveCfg = MinSizeRel|x64
		{EAA573EC-F901-3107-A1E0-296AC7073D91}.MinSizeRel|x64.Build.0 = MinSizeRel|x64
		{EAA573EC-F901-3107-A1E0-296AC7073D91}.RelWithDebInfo|x64.ActiveCfg = RelWithDebInfo|x64
		{EAA573EC-F901-3107-A1E0-296AC7073D91}.RelWithDebInfo|x64.Build.0 = RelWithDebInfo|x64
		{7AA3F330-D072-3EC3-A226-879A88C2F79E}.Debug|x64.ActiveCfg = Debug|x64
		{7AA3F330-D072-3EC3-A226-879A88C2F79E}.Debug|x64.Build.0 = Debug|x64
		{7AA3F330-D072-3EC3-A226-879A88C2F79E}.Release|x64.ActiveCfg = Release|x64
		{7AA3F330-D072-3EC3-A226-879A88C2F79E}.Release|x64.Build.0 = Release|x64
		{7AA3F330-D072-3EC3-A226-879A88C2F79E}.MinSizeRel|x64.ActiveCfg = MinSizeRel|x64
		{7AA3F330-D072-3EC3-A226-879A88C2F79E}.MinSizeRel|x64.Build.0 = MinSizeRel|x64
		{7AA3F330-D072-3EC3-A226-879A88C2F79E}.RelWithDebInfo|x64.ActiveCfg = RelWithDebInfo|x64
		{7AA3F330-D072-3EC3-A226-879A88C2F79E}.RelWithDebInfo|x64.Build.0 = RelWithDebInfo|x64
		{95752332-87F4-3DF2-95F5-20D1E3757678}.Debug|x64.ActiveCfg = Debug|x64
		{95752332-87F4-3DF2-95F5-20D1E3757678}.Debug|x64.Build.0 = Debug|x64
		{95752332-87F4-3DF2-95F5-20D1E3757678}.Release|x64.ActiveCfg = Release|x64
		{95752332-87F4-3DF2-95F5-20D1E3757678}.Release|x64.Build.0 = Release|x64
		{95752332-87F4-3DF2-95F5-20D1E3757678}.MinSizeRel|x64.ActiveCfg = MinSizeRel|x64
		{95752332-87F4-3DF2-95F5-20D1E3757678}.MinSizeRel|x64.Build.0 = MinSizeRel|x64
		{95752332-87F4-3DF2-95F5-20D1E3757678}.RelWithDebInfo|x64.ActiveCfg = RelWithDebInfo|x64
		{95752332-87F4-3DF2-95F5-20D1E3757678}.RelWithDebInfo|x64.Build.0 = RelWithDebInfo|x64
		{50689247-D1F1-33B4-8C1C-3C34E672672C}.Debug|x64.ActiveCfg = Debug|x64
		{50689247-D1F1-33B4-8C1C-3C34E672672C}.Release|x64.ActiveCfg = Release|x64
		{50689247-D1F1-33B4-8C1C-3C34E672672C}.MinSizeRel|x64.ActiveCfg = MinSizeRel|x64
		{50689247-D1F1-33B4-8C1C-3C34E672672C}.RelWithDebInfo|x64.ActiveCfg = RelWithDebInfo|x64
		{FFB4AC0F-C814-3537-9EA3-8F078A2A69E3}.Debug|x64.ActiveCfg = Debug|x64
		{FFB4AC0F-C814-3537-9EA3-8F078A2A69E3}.Debug|x64.Build.0 = Debug|x64
		{FFB4AC0F-C814-3537-9EA3-8F078A2A69E3}.Release|x64.ActiveCfg = Release|x64
		{FFB4AC0F-C814-3537-9EA3-8F078A2A69E3}.Release|x64.Build.0 = Release|x64
		{FFB4AC0F-C814-3537-9EA3-8F078A2A69E3}.MinSizeRel|x64.ActiveCfg = MinSizeRel|x64
		{FFB4AC0F-C814-3537-9EA3-8F078A2A69E3}.MinSizeRel|x64.Build.0 = MinSizeRel|x64
		{FFB4AC0F-C814-3537-9EA3-8F078A2A69E3}.RelWithDebInfo|x64.ActiveCfg = RelWithDebInfo|x64
		{FFB4AC0F-C814-3537-9EA3-8F078A2A69E3}.RelWithDebInfo|x64.Build.0 = RelWithDebInfo|x64
		{7037947B-66B5-3954-A740-E88F30F035DD}.Debug|x64.ActiveCfg = Debug|x64
		{7037947B-66B5-3954-A740-E88F30F035DD}.Debug|x64.Build.0 = Debug|x64
		{7037947B-66B5-3954-A740-E88F30F035DD}.Release|x64.ActiveCfg = Release|x64
		{7037947B-66B5-3954-A740-E88F30F035DD}.Release|x64.Build.0 = Release|x64
		{7037947B-66B5-3954-A740-E88F30F035DD}.MinSizeRel|x64.ActiveCfg = MinSizeRel|x64
		{7037947B-66B5-3954-A740-E88F30F035DD}.MinSizeRel|x64.Build.0 = MinSizeRel|x64
		{7037947B-66B5-3954-A740-E88F30F035DD}.RelWithDebInfo|x64.ActiveCfg = RelWithDebInfo|x64
		{7037947B-66B5-3954-A740-E88F30F035DD}.RelWithDebInfo|x64.Build.0 = RelWithDebInfo|x64
		{62E23F6A-34EF-398E-A496-E238A4372AD0}.Debug|x64.ActiveCfg = Debug|x64
		{62E23F6A-34EF-398E-A496-E238A4372AD0}.Debug|x64.Build.0 = Debug|x64
		{62E23F6A-34EF-398E-A496-E238A4372AD0}.Release|x64.ActiveCfg = Release|x64
		{62E23F6A-34EF-398E-A496-E238A4372AD0}.Release|x64.Build.0 = Release|x64
		{62E23F6A-34EF-398E-A496-E238A4372AD0}.MinSizeRel|x64.ActiveCfg = MinSizeRel|x64
		{62E23F6A-34EF-398E-A496-E238A4372AD0}.MinSizeRel|x64.Build.0 = MinSizeRel|x64
		{62E23F6A-34EF-398E-A496-E238A4372AD0}.RelWithDebInfo|x64.ActiveCfg = RelWithDebInfo|x64
		{62E23F6A-34EF-398E-A496-E238A4372AD0}.RelWithDebInfo|x64.Build.0 = RelWithDebInfo|x64
		{6B318E68-827B-3A0B-A38C-B6DF2E775FBF}.Debug|x64.ActiveCfg = Debug|x64
		{6B318E68-827B-3A0B-A38C-B6DF2E775FBF}.Debug|x64.Build.0 = Debug|x64
		{6B318E68-827B-3A0B-A38C-B6DF2E775FBF}.Release|x64.ActiveCfg = Release|x64
		{6B318E68-827B-3A0B-A38C-B6DF2E775FBF}.Release|x64.Build.0 = Release|x64
		{6B318E68-827B-3A0B-A38C-B6DF2E775FBF}.MinSizeRel|x64.ActiveCfg = MinSizeRel|x64
		{6B318E68-827B-3A0B-A38C-B6DF2E775FBF}.MinSizeRel|x64.Build.0 = MinSizeRel|x64
		{6B318E68-827B-3A0B-A38C-B6DF2E775FBF}.RelWithDebInfo|x64.ActiveCfg = RelWithDebInfo|x64
		{6B318E68-827B-3A0B-A38C-B6DF2E775FBF}.RelWithDebInfo|x64.Build.0 = RelWithDebInfo|x64
		{3A76E05E-5CE2-3EDE-A2C6-B95B2B0DD264}.Debug|x64.ActiveCfg = Debug|x64
		{3A76E05E-5CE2-3EDE-A2C6-B95B2B0DD264}.Release|x64.ActiveCfg = Release|x64
		{3A76E05E-5CE2-3EDE-A2C6-B95B2B0DD264}.MinSizeRel|x64.ActiveCfg = MinSizeRel|x64
		{3A76E05E-5CE2-3EDE-A2C6-B95B2B0DD264}.RelWithDebInfo|x64.ActiveCfg = RelWithDebInfo|x64
		{A0A18FE6-0C6B-3053-B38D-C7B655C0B7BF}.Debug|x64.ActiveCfg = Debug|x64
		{A0A18FE6-0C6B-3053-B38D-C7B655C0B7BF}.Release|x64.ActiveCfg = Release|x64
		{A0A18FE6-0C6B-3053-B38D-C7B655C0B7BF}.MinSizeRel|x64.ActiveCfg = MinSizeRel|x64
		{A0A18FE6-0C6B-3053-B38D-C7B655C0B7BF}.RelWithDebInfo|x64.ActiveCfg = RelWithDebInfo|x64
		{E9BEA2F4-5FA6-35D8-BB6A-50953FA212D4}.Debug|x64.ActiveCfg = Debug|x64
		{E9BEA2F4-5FA6-35D8-BB6A-50953FA212D4}.Release|x64.ActiveCfg = Release|x64
		{E9BEA2F4-5FA6-35D8-BB6A-50953FA212D4}.MinSizeRel|x64.ActiveCfg = MinSizeRel|x64
		{E9BEA2F4-5FA6-35D8-BB6A-50953FA212D4}.RelWithDebInfo|x64.ActiveCfg = RelWithDebInfo|x64
		{AEFB1348-172C-384A-9824-5F53A7F20A24}.Debug|x64.ActiveCfg = Debug|x64
		{AEFB1348-172C-384A-9824-5F53A7F20A24}.Debug|x64.Build.0 = Debug|x64
		{AEFB1348-172C-384A-9824-5F53A7F20A24}.Release|x64.ActiveCfg = Release|x64
		{AEFB1348-172C-384A-9824-5F53A7F20A24}.Release|x64.Build.0 = Release|x64
		{AEFB1348-172C-384A-9824-5F53A7F20A24}.MinSizeRel|x64.ActiveCfg = MinSizeRel|x64
		{AEFB1348-172C-384A-9824-5F53A7F20A24}.MinSizeRel|x64.Build.0 = MinSizeRel|x64
		{AEFB1348-172C-384A-9824-5F53A7F20A24}.RelWithDebInfo|x64.ActiveCfg = RelWithDebInfo|x64
		{AEFB1348-172C-384A-9824-5F53A7F20A24}.RelWithDebInfo|x64.Build.0 = RelWithDebInfo|x64
	EndGlobalSection
	GlobalSection(ExtensibilityGlobals) = postSolution
		SolutionGuid = {FB7275F5-62EF-3119-8DD6-5DC78B8E1D95}
	EndGlobalSection
	GlobalSection(ExtensibilityAddIns) = postSolution
	EndGlobalSection
EndGlobal
