<?xml version="1.0" encoding="utf-8"?>
<Project ToolsVersion="12.0" xmlns="http://schemas.microsoft.com/developer/msbuild/2003">
  <ItemGroup>
    <CustomBuild Include="D:\work\3lib\libjpeg-turbo\win\vs2013-x64\CMakeFiles\8433fde23410988e77fab5a04abcaafc\INSTALL_force.rule">
      <Filter>CMake Rules</Filter>
    </CustomBuild>
  </ItemGroup>
  <ItemGroup>
    <Filter Include="CMake Rules">
      <UniqueIdentifier>{FC7D2F74-6BB8-39C6-8E85-CEAD266AE628}</UniqueIdentifier>
    </Filter>
  </ItemGroup>
</Project>
